
Microsoft Visual Studio Solution File, Format Version 12.00
# Visual Studio Version 16
VisualStudioVersion = 16.0.30717.126
MinimumVisualStudioVersion = 10.0.40219.1
Project("{FAE04EC0-301F-11D3-BF4B-00C04F79EFBC}") = "ServerlessSQLDemo", "ServerlessSQLDemo\ServerlessSQLDemo.csproj", "{2ACF52CB-07A0-4026-97EB-AA5BBC4D572D}"
EndProject
Global
	GlobalSection(SolutionConfigurationPlatforms) = preSolution
		Debug|Any CPU = Debug|Any CPU
		Release|Any CPU = Release|Any CPU
	EndGlobalSection
	GlobalSection(ProjectConfigurationPlatforms) = postSolution
		{2ACF52CB-07A0-4026-97EB-AA5BBC4D572D}.Debug|Any CPU.ActiveCfg = Debug|Any CPU
		{2ACF52CB-07A0-4026-97EB-AA5BBC4D572D}.Debug|Any CPU.Build.0 = Debug|Any CPU
		{2ACF52CB-07A0-4026-97EB-AA5BBC4D572D}.Release|Any CPU.ActiveCfg = Release|Any CPU
		{2ACF52CB-07A0-4026-97EB-AA5BBC4D572D}.Release|Any CPU.Build.0 = Release|Any CPU
	EndGlobalSection
	GlobalSection(SolutionProperties) = preSolution
		HideSolutionNode = FALSE
	EndGlobalSection
	GlobalSection(ExtensibilityGlobals) = postSolution
		SolutionGuid = {CBA62E50-F462-407E-B20F-504CF971D366}
	EndGlobalSection
EndGlobal
